
Microsoft Visual Studio Solution File, Format Version 12.00
# Visual Studio 2013
VisualStudioVersion = 12.0.21005.1
MinimumVisualStudioVersion = 10.0.40219.1
Project("{FAE04EC0-301F-11D3-BF4B-00C04F79EFBC}") = "EFWCF.Models", "Models\EFWCF.Models.csproj", "{BD4A9A6C-CDD8-4FF3-89A2-8D3008FC760A}"
EndProject
Project("{FAE04EC0-301F-11D3-BF4B-00C04F79EFBC}") = "EFWCF.DAL", "TestUnity.DAL\EFWCF.DAL.csproj", "{724C2946-4B6C-4555-9B70-6EE46A12D3A5}"
EndProject
Project("{FAE04EC0-301F-11D3-BF4B-00C04F79EFBC}") = "EFWCF.Services", "TestUnity.Services\EFWCF.Services.csproj", "{76176E1B-2930-4BE1-9E7D-CAC208CFC3E6}"
EndProject
Project("{FAE04EC0-301F-11D3-BF4B-00C04F79EFBC}") = "EFWCF.Common", "TestUnity.Common\EFWCF.Common.csproj", "{F7C4C2F8-AA6B-4AA7-BF06-AC6A8F9D570D}"
EndProject
Project("{FAE04EC0-301F-11D3-BF4B-00C04F79EFBC}") = "EFWCF.IServices", "TestUnity.IServices\EFWCF.IServices.csproj", "{86BE5C77-3ACC-4D77-B0B4-D9DB96AAAB19}"
EndProject
Project("{FAE04EC0-301F-11D3-BF4B-00C04F79EFBC}") = "EFWCF.WebWCF", "TestUnity.WebWCF\EFWCF.WebWCF.csproj", "{5773C015-59A8-435A-9B5B-E323FFEF8C51}"
EndProject
Project("{FAE04EC0-301F-11D3-BF4B-00C04F79EFBC}") = "EFWCF.IDAL", "TestUnity.IDAL\EFWCF.IDAL.csproj", "{AE4865D8-3A86-4982-AB4A-EBBFB04A87D5}"
EndProject
Project("{FAE04EC0-301F-11D3-BF4B-00C04F79EFBC}") = "EFWCF.DTO", "TestUnity.DTO\EFWCF.DTO.csproj", "{81182ED9-C0F6-4B3A-9B33-3D139C6C0020}"
EndProject
Project("{FAE04EC0-301F-11D3-BF4B-00C04F79EFBC}") = "EFWCF.IBLL", "EFWCF.IBLL\EFWCF.IBLL.csproj", "{E20FE8D7-C5BE-412A-A4AB-DD3DF8E620A0}"
EndProject
Project("{FAE04EC0-301F-11D3-BF4B-00C04F79EFBC}") = "EFWCF.BLL", "EFWCF.BLL\EFWCF.BLL.csproj", "{5E31E1D4-E056-4B48-87A4-09ED8D183979}"
EndProject
Project("{FAE04EC0-301F-11D3-BF4B-00C04F79EFBC}") = "EFWCF.Mapping", "EFWCF.Mapping\EFWCF.Mapping.csproj", "{900E6270-8A7F-46BE-BB49-91508952E383}"
EndProject
Project("{FAE04EC0-301F-11D3-BF4B-00C04F79EFBC}") = "EFWCF.MVC", "EFWCF.MVC\EFWCF.MVC.csproj", "{3760DA5D-5FA7-4355-9D52-DBCC57CC321D}"
	ProjectSection(ProjectDependencies) = postProject
		{5773C015-59A8-435A-9B5B-E323FFEF8C51} = {5773C015-59A8-435A-9B5B-E323FFEF8C51}
	EndProjectSection
EndProject
Global
	GlobalSection(SolutionConfigurationPlatforms) = preSolution
		Debug|Any CPU = Debug|Any CPU
		Release|Any CPU = Release|Any CPU
	EndGlobalSection
	GlobalSection(ProjectConfigurationPlatforms) = postSolution
		{BD4A9A6C-CDD8-4FF3-89A2-8D3008FC760A}.Debug|Any CPU.ActiveCfg = Debug|Any CPU
		{BD4A9A6C-CDD8-4FF3-89A2-8D3008FC760A}.Debug|Any CPU.Build.0 = Debug|Any CPU
		{BD4A9A6C-CDD8-4FF3-89A2-8D3008FC760A}.Release|Any CPU.ActiveCfg = Release|Any CPU
		{BD4A9A6C-CDD8-4FF3-89A2-8D3008FC760A}.Release|Any CPU.Build.0 = Release|Any CPU
		{724C2946-4B6C-4555-9B70-6EE46A12D3A5}.Debug|Any CPU.ActiveCfg = Debug|Any CPU
		{724C2946-4B6C-4555-9B70-6EE46A12D3A5}.Debug|Any CPU.Build.0 = Debug|Any CPU
		{724C2946-4B6C-4555-9B70-6EE46A12D3A5}.Release|Any CPU.ActiveCfg = Release|Any CPU
		{724C2946-4B6C-4555-9B70-6EE46A12D3A5}.Release|Any CPU.Build.0 = Release|Any CPU
		{76176E1B-2930-4BE1-9E7D-CAC208CFC3E6}.Debug|Any CPU.ActiveCfg = Debug|Any CPU
		{76176E1B-2930-4BE1-9E7D-CAC208CFC3E6}.Debug|Any CPU.Build.0 = Debug|Any CPU
		{76176E1B-2930-4BE1-9E7D-CAC208CFC3E6}.Release|Any CPU.ActiveCfg = Release|Any CPU
		{76176E1B-2930-4BE1-9E7D-CAC208CFC3E6}.Release|Any CPU.Build.0 = Release|Any CPU
		{F7C4C2F8-AA6B-4AA7-BF06-AC6A8F9D570D}.Debug|Any CPU.ActiveCfg = Debug|Any CPU
		{F7C4C2F8-AA6B-4AA7-BF06-AC6A8F9D570D}.Debug|Any CPU.Build.0 = Debug|Any CPU
		{F7C4C2F8-AA6B-4AA7-BF06-AC6A8F9D570D}.Release|Any CPU.ActiveCfg = Release|Any CPU
		{F7C4C2F8-AA6B-4AA7-BF06-AC6A8F9D570D}.Release|Any CPU.Build.0 = Release|Any CPU
		{86BE5C77-3ACC-4D77-B0B4-D9DB96AAAB19}.Debug|Any CPU.ActiveCfg = Debug|Any CPU
		{86BE5C77-3ACC-4D77-B0B4-D9DB96AAAB19}.Debug|Any CPU.Build.0 = Debug|Any CPU
		{86BE5C77-3ACC-4D77-B0B4-D9DB96AAAB19}.Release|Any CPU.ActiveCfg = Release|Any CPU
		{86BE5C77-3ACC-4D77-B0B4-D9DB96AAAB19}.Release|Any CPU.Build.0 = Release|Any CPU
		{5773C015-59A8-435A-9B5B-E323FFEF8C51}.Debug|Any CPU.ActiveCfg = Debug|Any CPU
		{5773C015-59A8-435A-9B5B-E323FFEF8C51}.Debug|Any CPU.Build.0 = Debug|Any CPU
		{5773C015-59A8-435A-9B5B-E323FFEF8C51}.Release|Any CPU.ActiveCfg = Release|Any CPU
		{5773C015-59A8-435A-9B5B-E323FFEF8C51}.Release|Any CPU.Build.0 = Release|Any CPU
		{AE4865D8-3A86-4982-AB4A-EBBFB04A87D5}.Debug|Any CPU.ActiveCfg = Debug|Any CPU
		{AE4865D8-3A86-4982-AB4A-EBBFB04A87D5}.Debug|Any CPU.Build.0 = Debug|Any CPU
		{AE4865D8-3A86-4982-AB4A-EBBFB04A87D5}.Release|Any CPU.ActiveCfg = Release|Any CPU
		{AE4865D8-3A86-4982-AB4A-EBBFB04A87D5}.Release|Any CPU.Build.0 = Release|Any CPU
		{81182ED9-C0F6-4B3A-9B33-3D139C6C0020}.Debug|Any CPU.ActiveCfg = Debug|Any CPU
		{81182ED9-C0F6-4B3A-9B33-3D139C6C0020}.Debug|Any CPU.Build.0 = Debug|Any CPU
		{81182ED9-C0F6-4B3A-9B33-3D139C6C0020}.Release|Any CPU.ActiveCfg = Release|Any CPU
		{81182ED9-C0F6-4B3A-9B33-3D139C6C0020}.Release|Any CPU.Build.0 = Release|Any CPU
		{E20FE8D7-C5BE-412A-A4AB-DD3DF8E620A0}.Debug|Any CPU.ActiveCfg = Debug|Any CPU
		{E20FE8D7-C5BE-412A-A4AB-DD3DF8E620A0}.Debug|Any CPU.Build.0 = Debug|Any CPU
		{E20FE8D7-C5BE-412A-A4AB-DD3DF8E620A0}.Release|Any CPU.ActiveCfg = Release|Any CPU
		{E20FE8D7-C5BE-412A-A4AB-DD3DF8E620A0}.Release|Any CPU.Build.0 = Release|Any CPU
		{5E31E1D4-E056-4B48-87A4-09ED8D183979}.Debug|Any CPU.ActiveCfg = Debug|Any CPU
		{5E31E1D4-E056-4B48-87A4-09ED8D183979}.Debug|Any CPU.Build.0 = Debug|Any CPU
		{5E31E1D4-E056-4B48-87A4-09ED8D183979}.Release|Any CPU.ActiveCfg = Release|Any CPU
		{5E31E1D4-E056-4B48-87A4-09ED8D183979}.Release|Any CPU.Build.0 = Release|Any CPU
		{900E6270-8A7F-46BE-BB49-91508952E383}.Debug|Any CPU.ActiveCfg = Debug|Any CPU
		{900E6270-8A7F-46BE-BB49-91508952E383}.Debug|Any CPU.Build.0 = Debug|Any CPU
		{900E6270-8A7F-46BE-BB49-91508952E383}.Release|Any CPU.ActiveCfg = Release|Any CPU
		{900E6270-8A7F-46BE-BB49-91508952E383}.Release|Any CPU.Build.0 = Release|Any CPU
		{3760DA5D-5FA7-4355-9D52-DBCC57CC321D}.Debug|Any CPU.ActiveCfg = Debug|Any CPU
		{3760DA5D-5FA7-4355-9D52-DBCC57CC321D}.Debug|Any CPU.Build.0 = Debug|Any CPU
		{3760DA5D-5FA7-4355-9D52-DBCC57CC321D}.Release|Any CPU.ActiveCfg = Release|Any CPU
		{3760DA5D-5FA7-4355-9D52-DBCC57CC321D}.Release|Any CPU.Build.0 = Release|Any CPU
	EndGlobalSection
	GlobalSection(SolutionProperties) = preSolution
		HideSolutionNode = FALSE
	EndGlobalSection
EndGlobal
